
Microsoft Visual Studio Solution File, Format Version 12.00
# Visual Studio 15
VisualStudioVersion = 15.0.28307.1209
MinimumVisualStudioVersion = 10.0.40219.1
Project("{8BC9CEB8-8B4A-11D0-8D11-00A0C91BC942}") = "Lab1", "Lab1\Lab1.vcxproj", "{28CE2FBC-0E0D-48A4-AC93-A998C16C5932}"
EndProject
Global
	GlobalSection(SolutionConfigurationPlatforms) = preSolution
		Debug|x64 = Debug|x64
		Debug|x86 = Debug|x86
		Release|x64 = Release|x64
		Release|x86 = Release|x86
	EndGlobalSection
	GlobalSection(ProjectConfigurationPlatforms) = postSolution
		{28CE2FBC-0E0D-48A4-AC93-A998C16C5932}.Debug|x64.ActiveCfg = Debug|x64
		{28CE2FBC-0E0D-48A4-AC93-A998C16C5932}.Debug|x64.Build.0 = Debug|x64
		{28CE2FBC-0E0D-48A4-AC93-A998C16C5932}.Debug|x86.ActiveCfg = Debug|Win32
		{28CE2FBC-0E0D-48A4-AC93-A998C16C5932}.Debug|x86.Build.0 = Debug|Win32
		{28CE2FBC-0E0D-48A4-AC93-A998C16C5932}.Release|x64.ActiveCfg = Release|x64
		{28CE2FBC-0E0D-48A4-AC93-A998C16C5932}.Release|x64.Build.0 = Release|x64
		{28CE2FBC-0E0D-48A4-AC93-A998C16C5932}.Release|x86.ActiveCfg = Release|Win32
		{28CE2FBC-0E0D-48A4-AC93-A998C16C5932}.Release|x86.Build.0 = Release|Win32
	EndGlobalSection
	GlobalSection(SolutionProperties) = preSolution
		HideSolutionNode = FALSE
	EndGlobalSection
	GlobalSection(ExtensibilityGlobals) = postSolution
		SolutionGuid = {EF0C587F-144B-4972-889C-188955358B43}
	EndGlobalSection
EndGlobal
